lockfileVersion: 5.3

specifiers:
  '@bytemd/plugin-gfm': ^1.10.13
  '@bytemd/plugin-medium-zoom': ^1.10.13
  '@bytemd/react': ^1.10.13
  '@types/react': ^17.0.29
  '@types/react-dom': ^17.0.9
  antd-mobile: ^5.0.0-beta.15
  antd-mobile-icons: ^0.2.2
  github-markdown-css: ^4.0.0
  lodash-es: ^4.17.21
  react: 17.0.2
  react-dom: ^17.0.2
  react-qr-reader: ^2.2.1
  react-query: ^3.26.0
  react-router-dom: ^6.0.2
  timeago-react: ^3.0.4
  typescript: ^4.4.4

dependencies:
  '@bytemd/plugin-gfm': 1.10.13
  '@bytemd/plugin-medium-zoom': 1.10.13
  '@bytemd/react': 1.10.13_react@17.0.2
  '@types/react': 17.0.29
  '@types/react-dom': 17.0.9
  antd-mobile: 5.0.0-beta.15_react-dom@17.0.2+react@17.0.2
  antd-mobile-icons: 0.2.2
  github-markdown-css: 4.0.0
  lodash-es: 4.17.21
  react: 17.0.2
  react-dom: 17.0.2_react@17.0.2
  react-qr-reader: 2.2.1_react-dom@17.0.2+react@17.0.2
  react-query: 3.26.0_react-dom@17.0.2+react@17.0.2
  react-router-dom: 6.0.2_react-dom@17.0.2+react@17.0.2
  timeago-react: 3.0.4_react@17.0.2
  typescript: 4.4.4

packages:

  /@ahooksjs/use-request/2.8.12_react@17.0.2:
    resolution: {integrity: sha512-jGHKyhXeUmGD2ztEeLGIdXBGTwcDgM07/wO5eqNM0eCIYkmwGNuRjWD8cMmSZPStTCozkLJ8/f3JL93D+zK9UA==}
    peerDependencies:
      react: ^16.8.0 || ^17.0.0
    dependencies:
      lodash.debounce: 4.0.8
      lodash.throttle: 4.1.1
      react: 17.0.2
    dev: false

  /@babel/runtime/7.15.4:
    resolution: {integrity: sha512-99catp6bHCaxr4sJ/DbTGgHS4+Rs2RVd2g7iOap6SLGPDknRK9ztKNsE/Fg6QhSeh1FGE5f6gHGQmvvn3I3xhw==}
    engines: {node: '>=6.9.0'}
    dependencies:
      regenerator-runtime: 0.13.9
    dev: false

  /@bytemd/plugin-gfm/1.10.13:
    resolution: {integrity: sha512-6S3dLePqKRok9QP+ReNPaQY4XvXcsPUR+9R/KczNu/gqZv+GwXRYNSkmC4HS7mID2umvSni69d8xwE0Hc09wnQ==}
    peerDependencies:
      bytemd: ^1.5.0
    dependencies:
      remark-gfm: 1.0.0
    transitivePeerDependencies:
      - supports-color
    dev: false

  /@bytemd/plugin-medium-zoom/1.10.13:
    resolution: {integrity: sha512-4Bfa/HpBTmhdkRqxhjXc8zZdGxiHbdLFLIcwlc2Vb3qmdASXmjbbsYiQ875MB/DeshelFsKz3roR4sBCFcvM9g==}
    peerDependencies:
      bytemd: ^1.5.0
    dependencies:
      medium-zoom: 1.0.6
    dev: false

  /@bytemd/react/1.10.13_react@17.0.2:
    resolution: {integrity: sha512-nXm2pttuNbExCWVp1KWJdhVmZdiefr711cEzSBmKHR/QpFDRcU+59AyYGBATxJPLMJwbnNcfL6+Y5am1qKnazg==}
    peerDependencies:
      react: '*'
    dependencies:
      bytemd: 1.10.13
      react: 17.0.2
    transitivePeerDependencies:
      - supports-color
    dev: false

  /@popperjs/core/2.10.2:
    resolution: {integrity: sha512-IXf3XA7+XyN7CP9gGh/XB0UxVMlvARGEgGXLubFICsUMGz6Q+DU+i4gGlpOxTjKvXjkJDJC8YdqdKkDj9qZHEQ==}
    dev: false

  /@react-spring/animated/9.3.0_react@17.0.2:
    resolution: {integrity: sha512-QvuyW77eDvLhdJyO6FFldlWlvnuKK2cpOx4+Zr962RyT/0IO1tbNDRO6G1vM8va6mbv6tmfYmRGKmKYePN3kVg==}
    peerDependencies:
      react: ^16.8.0  || ^17.0.0
    dependencies:
      '@react-spring/shared': 9.3.0_react@17.0.2
      '@react-spring/types': 9.3.0
      react: 17.0.2
    dev: false

  /@react-spring/core/9.3.0_react@17.0.2:
    resolution: {integrity: sha512-SZQOIX7wkIagmucAi7zxqGGIb9A60o9n5922UrWo8Kl3FdG7FgrNwqr0kOI43/pMFeL70/PXwFhBatB03N5ctw==}
    requiresBuild: true
    peerDependencies:
      react: ^16.8.0  || ^17.0.0
    dependencies:
      '@react-spring/animated': 9.3.0_react@17.0.2
      '@react-spring/shared': 9.3.0_react@17.0.2
      '@react-spring/types': 9.3.0
      react: 17.0.2
    dev: false

  /@react-spring/rafz/9.3.0:
    resolution: {integrity: sha512-FD04d2TNb3xOZ6+04qwDmC3d0H4X6gvhsxU71/nSm4PPYRqFzZEolcVPmrHlbGzco3bvXKI+Kp2pIrpXLPUJFA==}
    dev: false

  /@react-spring/shared/9.3.0_react@17.0.2:
    resolution: {integrity: sha512-7ZFY2Blu/wxbLGcYvQavyLUVi9bK/is1bsn11qZ9AaZb4iucRyIf2jgjBfKZFCq4qgi7S/7QmDQG7sucUyLELg==}
    peerDependencies:
      react: ^16.8.0  || ^17.0.0
    dependencies:
      '@react-spring/rafz': 9.3.0
      '@react-spring/types': 9.3.0
      react: 17.0.2
    dev: false

  /@react-spring/types/9.3.0:
    resolution: {integrity: sha512-q4cDr2RSPblXMD3Rxvk6qcC7nmhhfV2izEBP06hb8ZCXznA6qJirG3RMpi29kBtEQiw1lWR59hAXKhauaPtbOA==}
    dev: false

  /@react-spring/web/9.3.0_react-dom@17.0.2+react@17.0.2:
    resolution: {integrity: sha512-OTAGKRdyz6fLRR1tABFyw9KMpytyATIndQrj0O6RG47GfjiInpf4+WZKxo763vpS7z1OlnkI81WLUm/sqOqAnA==}
    peerDependencies:
      react: ^16.8.0  || ^17.0.0
      react-dom: ^16.8.0  || ^17.0.0
    dependencies:
      '@react-spring/animated': 9.3.0_react@17.0.2
      '@react-spring/core': 9.3.0_react@17.0.2
      '@react-spring/shared': 9.3.0_react@17.0.2
      '@react-spring/types': 9.3.0
      react: 17.0.2
      react-dom: 17.0.2_react@17.0.2
    dev: false

  /@types/codemirror/0.0.108:
    resolution: {integrity: sha512-3FGFcus0P7C2UOGCNUVENqObEb4SFk+S8Dnxq7K6aIsLVs/vDtlangl3PEO0ykaKXyK56swVF6Nho7VsA44uhw==}
    dependencies:
      '@types/tern': 0.23.4
    dev: false

  /@types/estree/0.0.50:
    resolution: {integrity: sha512-C6N5s2ZFtuZRj54k2/zyRhNDjJwwcViAM3Nbm8zjBpbqAdZ00mr0CFxvSKeO8Y/e03WVFLpQMdHYVfUd6SB+Hw==}
    dev: false

  /@types/hast/2.3.4:
    resolution: {integrity: sha512-wLEm0QvaoawEDoTRwzTXp4b4jpwiJDvR5KMnFnVodm3scufTlBOWRD6N1OBf9TZMhjlNsSfcO5V+7AF4+Vy+9g==}
    dependencies:
      '@types/unist': 2.0.6
    dev: false

  /@types/js-cookie/2.2.7:
    resolution: {integrity: sha512-aLkWa0C0vO5b4Sr798E26QgOkss68Un0bLjs7u9qxzPT5CG+8DuNTffWES58YzJs3hrVAOs1wonycqEBqNJubA==}
    dev: false

  /@types/lodash.debounce/4.0.6:
    resolution: {integrity: sha512-4WTmnnhCfDvvuLMaF3KV4Qfki93KebocUF45msxhYyjMttZDQYzHkO639ohhk8+oco2cluAFL3t5+Jn4mleylQ==}
    dependencies:
      '@types/lodash': 4.14.175
    dev: false

  /@types/lodash.throttle/4.1.6:
    resolution: {integrity: sha512-/UIH96i/sIRYGC60NoY72jGkCJtFN5KVPhEMMMTjol65effe1gPn0tycJqV5tlSwMTzX8FqzB5yAj0rfGHTPNg==}
    dependencies:
      '@types/lodash': 4.14.175
    dev: false

  /@types/lodash/4.14.175:
    resolution: {integrity: sha512-XmdEOrKQ8a1Y/yxQFOMbC47G/V2VDO1GvMRnl4O75M4GW/abC5tnfzadQYkqEveqRM1dEJGFFegfPNA2vvx2iw==}
    dev: false

  /@types/mdast/3.0.10:
    resolution: {integrity: sha512-W864tg/Osz1+9f4lrGTZpCSO5/z4608eUp19tbozkq2HJK6i3z1kT0H9tlADXuYIb1YYOBByU4Jsqkk75q48qA==}
    dependencies:
      '@types/unist': 2.0.6
    dev: false

  /@types/parse5/5.0.3:
    resolution: {integrity: sha512-kUNnecmtkunAoQ3CnjmMkzNU/gtxG8guhi+Fk2U/kOpIKjIMKnXGp4IJCgQJrXSgMsWYimYG4TGjz/UzbGEBTw==}
    dev: false

  /@types/prop-types/15.7.4:
    resolution: {integrity: sha512-rZ5drC/jWjrArrS8BR6SIr4cWpW09RNTYt9AMZo3Jwwif+iacXAqgVjm0B0Bv/S1jhDXKHqRVNCbACkJ89RAnQ==}
    dev: false

  /@types/react-dom/17.0.9:
    resolution: {integrity: sha512-wIvGxLfgpVDSAMH5utdL9Ngm5Owu0VsGmldro3ORLXV8CShrL8awVj06NuEXFQ5xyaYfdca7Sgbk/50Ri1GdPg==}
    dependencies:
      '@types/react': 17.0.29
    dev: false

  /@types/react/17.0.29:
    resolution: {integrity: sha512-HSenIfBEBZ70BLrrVhtEtHpqaP79waauPtA8XKlczTxL3hXrW/ElGNLTpD1TmqkykgGlOAK55+D3SmUHEirpFw==}
    dependencies:
      '@types/prop-types': 15.7.4
      '@types/scheduler': 0.16.2
      csstype: 3.0.9
    dev: false

  /@types/scheduler/0.16.2:
    resolution: {integrity: sha512-hppQEBDmlwhFAXKJX2KnWLYu5yMfi91yazPb2l+lbJiwW+wdo1gNeRA+3RgNSO39WYX2euey41KEwnqesU2Jew==}
    dev: false

  /@types/tern/0.23.4:
    resolution: {integrity: sha512-JAUw1iXGO1qaWwEOzxTKJZ/5JxVeON9kvGZ/osgZaJImBnyjyn0cjovPsf6FNLmyGY8Vw9DoXZCMlfMkMwHRWg==}
    dependencies:
      '@types/estree': 0.0.50
    dev: false

  /@types/unist/2.0.6:
    resolution: {integrity: sha512-PBjIUxZHOuj0R15/xuwJYjFi+KZdNFrehocChv4g5hu6aFroHue8m0lBP0POdK2nKzbw0cgV1mws8+V/JAcEkQ==}
    dev: false

  /ahooks/2.10.11_react@17.0.2:
    resolution: {integrity: sha512-zNsKUsVGq1BQOUVbcRkZSOkz9PGHtgWtVOeXSw/nTsUkofwD130Q94FMil0g0v2iU1ZD04Wo01nb5Sab14pHtw==}
    engines: {node: '>=8.0.0'}
    peerDependencies:
      react: ^16.8.6 || ^17.0
    dependencies:
      '@ahooksjs/use-request': 2.8.12_react@17.0.2
      '@types/js-cookie': 2.2.7
      dayjs: 1.10.7
      intersection-observer: 0.7.0
      js-cookie: 2.2.1
      lodash.debounce: 4.0.8
      lodash.isequal: 4.5.0
      lodash.throttle: 4.1.1
      react: 17.0.2
      resize-observer-polyfill: 1.5.1
      screenfull: 5.1.0
    dev: false

  /antd-mobile-icons/0.2.2:
    resolution: {integrity: sha512-iquIc7EsQTndk5nMv9pQQv+/OY5YnjVIPhtCFo7W7JL+Gjqzq/YJ/HO2WxUxyCgYha2NsTTNAb2vPa/M4zAi2g==}
    dev: false

  /antd-mobile-v5-count/1.0.1:
    resolution: {integrity: sha512-YGsiEDCPUDz3SzfXi6gLZn/HpeSMW+jgPc4qiYUr1fSopg3hkUie2TnooJdExgfiETHefH3Ggs58He0OVfegLA==}
    dev: false

  /antd-mobile/5.0.0-beta.15_react-dom@17.0.2+react@17.0.2:
    resolution: {integrity: sha512-GBjJMTteqaEorQQvb4YeOiaO5Ud3F8zChRt7RSDRaurqyYpFTiczdK5+DnmjRdO1K99P+LRU/OyF7InKMM1cAA==}
    peerDependencies:
      react: ^16.8.6 || ^17.0.0
    dependencies:
      '@react-spring/web': 9.3.0_react-dom@17.0.2+react@17.0.2
      ahooks: 2.10.11_react@17.0.2
      antd-mobile-icons: 0.2.2
      antd-mobile-v5-count: 1.0.1
      classnames: 2.3.1
      dayjs: 1.10.7
      lodash: 4.17.21
      rc-field-form: 1.21.2_react-dom@17.0.2+react@17.0.2
      rc-progress: 3.1.4_react-dom@17.0.2+react@17.0.2
      rc-tooltip: 5.1.1_react-dom@17.0.2+react@17.0.2
      react: 17.0.2
      react-transition-group: 4.4.2_react-dom@17.0.2+react@17.0.2
      react-use-gesture: 9.1.3_react@17.0.2
      staged-components: 1.1.1_react@17.0.2
      use-async-memo: 1.2.3_react@17.0.2
    transitivePeerDependencies:
      - react-dom
    dev: false

  /async-validator/4.0.3:
    resolution: {integrity: sha512-LVoIbJNHPKsO7FMLamo88uxdrvayGkF3vLTMTeiN3CqAbP3qSafLRc6yx3Sq9lHkiEOLNpoA2jwwnfGDdu1SMQ==}
    dev: false

  /bail/1.0.5:
    resolution: {integrity: sha512-xFbRxM1tahm08yHBP16MMjVUAvDaBMD38zsM9EMAUN61omwLmKlOpB/Zku5QkjZ8TZ4vn53pj+t518cH0S03RQ==}
    dev: false

  /balanced-match/1.0.2:
    resolution: {integrity: sha512-3oSeUO0TMV67hN1AmbXsK4yaqU7tjiHlbxRDZOpH0KW9+CeX4bRAaX0Anxt0tx2MrpRpWwQaPwIlISEJhYU5Pw==}
    dev: false

  /big-integer/1.6.50:
    resolution: {integrity: sha512-+O2uoQWFRo8ysZNo/rjtri2jIwjr3XfeAgRjAUADRqGG+ZITvyn8J1kvXLTaKVr3hhGXk+f23tKfdzmklVM9vQ==}
    engines: {node: '>=0.6'}
    dev: false

  /brace-expansion/1.1.11:
    resolution: {integrity: sha1-PH/L9SnYcibz0vUrlm/1Jx60Qd0=}
    dependencies:
      balanced-match: 1.0.2
      concat-map: 0.0.1
    dev: false

  /broadcast-channel/3.7.0:
    resolution: {integrity: sha512-cIAKJXAxGJceNZGTZSBzMxzyOn72cVgPnKx4dc6LRjQgbaJUQqhy5rzL3zbMxkMWsGKkv2hSFkPRMEXfoMZ2Mg==}
    dependencies:
      '@babel/runtime': 7.15.4
      detect-node: 2.1.0
      js-sha3: 0.8.0
      microseconds: 0.2.0
      nano-time: 1.0.0
      oblivious-set: 1.0.0
      rimraf: 3.0.2
      unload: 2.2.0
    dev: false

  /bytemd/1.10.13:
    resolution: {integrity: sha512-rqLNAM2BoZxz+nHyOEDPGPvdnXCa4GzRBbfkooH0Gd4nMeqr249Awawha2mAo37GscppfBgMpc1YzVXGqADENA==}
    dependencies:
      '@popperjs/core': 2.10.2
      '@types/codemirror': 0.0.108
      '@types/lodash.debounce': 4.0.6
      '@types/lodash.throttle': 4.1.6
      '@types/mdast': 3.0.10
      codemirror-ssr: 0.0.6
      hast-util-sanitize: 3.0.2
      lodash.debounce: 4.0.8
      lodash.throttle: 4.1.1
      rehype-raw: 5.1.0
      rehype-sanitize: 4.0.0
      rehype-stringify: 8.0.0
      remark-parse: 9.0.0
      remark-rehype: 8.1.0
      select-files: 1.0.1
      tippy.js: 6.3.2
      unified: 9.2.2
      unist-util-visit: 2.0.3
      vfile: 4.2.1
      word-count: 0.2.2
    transitivePeerDependencies:
      - supports-color
    dev: false

  /ccount/1.1.0:
    resolution: {integrity: sha1-JGaH3rtgFHNRMb6KurLZOJj40EM=}
    dev: false

  /character-entities-html4/1.1.4:
    resolution: {integrity: sha1-DmSwo3U92/H9wETF/QHQGZoC4SU=}
    dev: false

  /character-entities-legacy/1.1.4:
    resolution: {integrity: sha1-lLwYRdznClu50uzHSHJWYSk9j8E=}
    dev: false

  /character-entities/1.2.4:
    resolution: {integrity: sha512-iBMyeEHxfVnIakwOuDXpVkc54HijNgCyQB2w0VfGQThle6NXn50zU6V/u+LDhxHcDUPojn6Kpga3PTAD8W1bQw==}
    dev: false

  /character-reference-invalid/1.1.4:
    resolution: {integrity: sha512-mKKUkUbhPpQlCOfIuZkvSEgktjPFIsZKRRbC6KWVEMvlzblj3i3asQv5ODsrwt0N3pHAEvjP8KTQPHkp0+6jOg==}
    dev: false

  /classnames/2.3.1:
    resolution: {integrity: sha512-OlQdbZ7gLfGarSqxesMesDa5uz7KFbID8Kpq/SxIoNGDqY8lSYs0D+hhtBXhcdB3rcbXArFr7vlHheLk1voeNA==}
    dev: false

  /codemirror-ssr/0.0.6:
    resolution: {integrity: sha1-dHIAUPWnToiEtft5sjfOxPcDAmA=}
    dependencies:
      '@types/codemirror': 0.0.108
    dev: false

  /comma-separated-tokens/1.0.8:
    resolution: {integrity: sha512-GHuDRO12Sypu2cV70d1dkA2EUmXHgntrzbpvOB+Qy+49ypNfGgFQIC2fhhXbnyrJRynDCAARsT7Ou0M6hirpfw==}
    dev: false

  /concat-map/0.0.1:
    resolution: {integrity: sha1-2Klr13/Wjfd5OnMDajug1UBdR3s=}
    dev: false

  /csstype/3.0.9:
    resolution: {integrity: sha512-rpw6JPxK6Rfg1zLOYCSwle2GFOOsnjmDYDaBwEcwoOg4qlsIVCN789VkBZDJAGi4T07gI4YSutR43t9Zz4Lzuw==}
    dev: false

  /dayjs/1.10.7:
    resolution: {integrity: sha512-P6twpd70BcPK34K26uJ1KT3wlhpuOAPoMwJzpsIWUxHZ7wpmbdZL/hQqBDfz7hGurYSa5PhzdhDHtt319hL3ig==}
    dev: false

  /debug/4.3.2:
    resolution: {integrity: sha512-mOp8wKcvj7XxC78zLgw/ZA+6TSgkoE2C/ienthhRD298T7UNwAg9diBpLRxC0mOezLl4B0xV7M0cCO6P/O0Xhw==}
    engines: {node: '>=6.0'}
    peerDependencies:
      supports-color: '*'
    peerDependenciesMeta:
      supports-color:
        optional: true
    dependencies:
      ms: 2.1.2
    dev: false

  /detect-node/2.1.0:
    resolution: {integrity: sha512-T0NIuQpnTvFDATNuHN5roPwSBG83rFsuO+MXXH9/3N1eFbn4wcPjttvjMLEPWJ0RGUYgQE7cGgS3tNxbqCGM7g==}
    dev: false

  /dom-align/1.12.2:
    resolution: {integrity: sha512-pHuazgqrsTFrGU2WLDdXxCFabkdQDx72ddkraZNih1KsMcN5qsRSTR9O4VJRlwTPCPb5COYg3LOfiMHHcPInHg==}
    dev: false

  /dom-helpers/5.2.1:
    resolution: {integrity: sha512-nRCa7CK3VTrM2NmGkIy4cbK7IZlgBE/PYMn55rrXefr5xXDP0LdtfPnblFDoVdcAfslJ7or6iqAUnx0CCGIWQA==}
    dependencies:
      '@babel/runtime': 7.15.4
      csstype: 3.0.9
    dev: false

  /escape-string-regexp/4.0.0:
    resolution: {integrity: sha512-TtpcNJ3XAzx3Gq8sWRzJaVajRs0uVxA2YAkdb1jm2YkPz4G6egUFAyA3n5vtEIZefPk5Wa4UXbKuS5fKkJWdgA==}
    engines: {node: '>=10'}
    dev: false

  /extend/3.0.2:
    resolution: {integrity: sha1-+LETa0Bx+9jrFAr/hYsQGewpFfo=}
    dev: false

  /fs.realpath/1.0.0:
    resolution: {integrity: sha1-FQStJSMVjKpA20onh8sBQRmU6k8=}
    dev: false

  /github-markdown-css/4.0.0:
    resolution: {integrity: sha1-vp9Mr3o4kijUw2gzYmD/yQkGHzU=}
    dev: false

  /glob/7.2.0:
    resolution: {integrity: sha512-lmLf6gtyrPq8tTjSmrO94wBeQbFR3HbLHbuyD69wuyQkImp2hWqMGB47OX65FBkPffO641IP9jWa1z4ivqG26Q==}
    dependencies:
      fs.realpath: 1.0.0
      inflight: 1.0.6
      inherits: 2.0.4
      minimatch: 3.0.4
      once: 1.4.0
      path-is-absolute: 1.0.1
    dev: false

  /hast-to-hyperscript/9.0.1:
    resolution: {integrity: sha512-zQgLKqF+O2F72S1aa4y2ivxzSlko3MAvxkwG8ehGmNiqd98BIN3JM1rAJPmplEyLmGLO2QZYJtIneOSZ2YbJuA==}
    dependencies:
      '@types/unist': 2.0.6
      comma-separated-tokens: 1.0.8
      property-information: 5.6.0
      space-separated-tokens: 1.1.5
      style-to-object: 0.3.0
      unist-util-is: 4.1.0
      web-namespaces: 1.1.4
    dev: false

  /hast-util-from-parse5/6.0.1:
    resolution: {integrity: sha512-jeJUWiN5pSxW12Rh01smtVkZgZr33wBokLzKLwinYOUfSzm1Nl/c3GUGebDyOKjdsRgMvoVbV0VpAcpjF4NrJA==}
    dependencies:
      '@types/parse5': 5.0.3
      hastscript: 6.0.0
      property-information: 5.6.0
      vfile: 4.2.1
      vfile-location: 3.2.0
      web-namespaces: 1.1.4
    dev: false

  /hast-util-is-element/1.1.0:
    resolution: {integrity: sha512-oUmNua0bFbdrD/ELDSSEadRVtWZOf3iF6Lbv81naqsIV99RnSCieTbWuWCY8BAeEfKJTKl0gRdokv+dELutHGQ==}
    dev: false

  /hast-util-parse-selector/2.2.5:
    resolution: {integrity: sha512-7j6mrk/qqkSehsM92wQjdIgWM2/BW61u/53G6xmC8i1OmEdKLHbk419QKQUjz6LglWsfqoiHmyMRkP1BGjecNQ==}
    dev: false

  /hast-util-raw/6.1.0:
    resolution: {integrity: sha512-5FoZLDHBpka20OlZZ4I/+RBw5piVQ8iI1doEvffQhx5CbCyTtP8UCq8Tw6NmTAMtXgsQxmhW7Ly8OdFre5/YMQ==}
    dependencies:
      '@types/hast': 2.3.4
      hast-util-from-parse5: 6.0.1
      hast-util-to-parse5: 6.0.0
      html-void-elements: 1.0.5
      parse5: 6.0.1
      unist-util-position: 3.1.0
      unist-util-visit: 2.0.3
      vfile: 4.2.1
      web-namespaces: 1.1.4
      xtend: 4.0.2
      zwitch: 1.0.5
    dev: false

  /hast-util-sanitize/3.0.2:
    resolution: {integrity: sha512-+2I0x2ZCAyiZOO/sb4yNLFmdwPBnyJ4PBkVTUMKMqBwYNA+lXSgOmoRXlJFazoyid9QPogRRKgKhVEodv181sA==}
    dependencies:
      xtend: 4.0.2
    dev: false

  /hast-util-to-html/7.1.3:
    resolution: {integrity: sha512-yk2+1p3EJTEE9ZEUkgHsUSVhIpCsL/bvT8E5GzmWc+N1Po5gBw+0F8bo7dpxXR0nu0bQVxVZGX2lBGF21CmeDw==}
    dependencies:
      ccount: 1.1.0
      comma-separated-tokens: 1.0.8
      hast-util-is-element: 1.1.0
      hast-util-whitespace: 1.0.4
      html-void-elements: 1.0.5
      property-information: 5.6.0
      space-separated-tokens: 1.1.5
      stringify-entities: 3.1.0
      unist-util-is: 4.1.0
      xtend: 4.0.2
    dev: false

  /hast-util-to-parse5/6.0.0:
    resolution: {integrity: sha512-Lu5m6Lgm/fWuz8eWnrKezHtVY83JeRGaNQ2kn9aJgqaxvVkFCZQBEhgodZUDUvoodgyROHDb3r5IxAEdl6suJQ==}
    dependencies:
      hast-to-hyperscript: 9.0.1
      property-information: 5.6.0
      web-namespaces: 1.1.4
      xtend: 4.0.2
      zwitch: 1.0.5
    dev: false

  /hast-util-whitespace/1.0.4:
    resolution: {integrity: sha512-I5GTdSfhYfAPNztx2xJRQpG8cuDSNt599/7YUn7Gx/WxNMsG+a835k97TDkFgk123cwjfwINaZknkKkphx/f2A==}
    dev: false

  /hastscript/6.0.0:
    resolution: {integrity: sha512-nDM6bvd7lIqDUiYEiu5Sl/+6ReP0BMk/2f4U/Rooccxkj0P5nm+acM5PrGJ/t5I8qPGiqZSE6hVAwZEdZIvP4w==}
    dependencies:
      '@types/hast': 2.3.4
      comma-separated-tokens: 1.0.8
      hast-util-parse-selector: 2.2.5
      property-information: 5.6.0
      space-separated-tokens: 1.1.5
    dev: false

  /history/5.1.0:
    resolution: {integrity: sha512-zPuQgPacm2vH2xdORvGGz1wQMuHSIB56yNAy5FnLuwOwgSYyPKptJtcMm6Ev+hRGeS+GzhbmRacHzvlESbFwDg==}
    dependencies:
      '@babel/runtime': 7.15.4
    dev: false

  /html-void-elements/1.0.5:
    resolution: {integrity: sha1-zpFZSU6G2V5FeVsWbCAhws/KRIM=}
    dev: false

  /inflight/1.0.6:
    resolution: {integrity: sha1-Sb1jMdfQLQwJvJEKEHW6gWW1bfk=}
    dependencies:
      once: 1.4.0
      wrappy: 1.0.2
    dev: false

  /inherits/2.0.4:
    resolution: {integrity: sha512-k/vGaX4/Yla3WzyMCvTQOXYeIHvqOKtnqBduzTHpzpQZzAskKMhZ2K+EnBiSM9zGSoIFeMpXKxa4dYeZIQqewQ==}
    dev: false

  /inline-style-parser/0.1.1:
    resolution: {integrity: sha1-7Io7QpJ06cCh8cT/qUU6f+9yzqE=}
    dev: false

  /intersection-observer/0.7.0:
    resolution: {integrity: sha512-Id0Fij0HsB/vKWGeBe9PxeY45ttRiBmhFyyt/geBdDHBYNctMRTE3dC1U3ujzz3lap+hVXlEcVaB56kZP/eEUg==}
    dev: false

  /is-alphabetical/1.0.4:
    resolution: {integrity: sha1-nn1rlJFr4iFTdF0YTCmMv5hqaG0=}
    dev: false

  /is-alphanumerical/1.0.4:
    resolution: {integrity: sha1-frmiQx+FX2se8aeOMm31FWlsTb8=}
    dependencies:
      is-alphabetical: 1.0.4
      is-decimal: 1.0.4
    dev: false

  /is-buffer/2.0.5:
    resolution: {integrity: sha1-68JS5ADSL/jXf6CYiIIaJKZYwZE=}
    engines: {node: '>=4'}
    dev: false

  /is-decimal/1.0.4:
    resolution: {integrity: sha1-ZaOllYocW2OnBuGzM9fNn2MNP6U=}
    dev: false

  /is-hexadecimal/1.0.4:
    resolution: {integrity: sha1-zDXJdYjaS9Saju3WvECC1E3LI6c=}
    dev: false

  /is-plain-obj/2.1.0:
    resolution: {integrity: sha512-YWnfyRwxL/+SsrWYfOpUtz5b3YD+nyfkHvjbcanzk8zgyO4ASD67uVMRt8k5bM4lLMDnXfriRhOpemw+NfT1eA==}
    engines: {node: '>=8'}
    dev: false

  /js-cookie/2.2.1:
    resolution: {integrity: sha512-HvdH2LzI/EAZcUwA8+0nKNtWHqS+ZmijLA30RwZA0bo7ToCckjK5MkGhjED9KoRcXO6BaGI3I9UIzSA1FKFPOQ==}
    dev: false

  /js-sha3/0.8.0:
    resolution: {integrity: sha1-ubel2nOvrX3t0PjEY5VMveaBiEA=}
    dev: false

  /js-tokens/4.0.0:
    resolution: {integrity: sha512-RdJUflcE3cUzKiMqQgsCu06FPu9UdIJO0beYbPhHN4k6apgJtifcoCtT9bcxOpYBtpD2kCM6Sbzg4CausW/PKQ==}
    dev: false

  /jsqr/1.4.0:
    resolution: {integrity: sha512-dxLob7q65Xg2DvstYkRpkYtmKm2sPJ9oFhrhmudT1dZvNFFTlroai3AWSpLey/w5vMcLBXRgOJsbXpdN9HzU/A==}
    dev: false

  /lodash-es/4.17.21:
    resolution: {integrity: sha512-mKnC+QJ9pWVzv+C4/U3rRsHapFfHvQFoFB92e52xeyGMcX6/OlIl78je1u8vePzYZSkkogMPJ2yjxxsb89cxyw==}
    dev: false

  /lodash.debounce/4.0.8:
    resolution: {integrity: sha1-gteb/zCmfEAF/9XiUVMArZyk168=}
    dev: false

  /lodash.isequal/4.5.0:
    resolution: {integrity: sha1-QVxEePK8wwEgwizhDtMib30+GOA=}
    dev: false

  /lodash.throttle/4.1.1:
    resolution: {integrity: sha1-wj6RtxAkKscMN/HhzaknTMOb8vQ=}
    dev: false

  /lodash/4.17.21:
    resolution: {integrity: sha512-v2kDEe57lecTulaDIuNTPy3Ry4gLGJ6Z1O3vE1krgXZNrsQ+LFTGHVxVjcXPs17LhbZVGedAJv8XZ1tvj5FvSg==}
    dev: false

  /longest-streak/2.0.4:
    resolution: {integrity: sha1-uFmZV9pbXatk3uP+MW+ndFl9kOQ=}
    dev: false

  /loose-envify/1.4.0:
    resolution: {integrity: sha1-ce5R+nvkyuwaY4OffmgtgTLTDK8=}
    hasBin: true
    dependencies:
      js-tokens: 4.0.0
    dev: false

  /markdown-table/2.0.0:
    resolution: {integrity: sha512-Ezda85ToJUBhM6WGaG6veasyym+Tbs3cMAw/ZhOPqXiYsr0jgocBV3j3nx+4lk47plLlIqjwuTm/ywVI+zjJ/A==}
    dependencies:
      repeat-string: 1.6.1
    dev: false

  /match-sorter/6.3.1:
    resolution: {integrity: sha512-mxybbo3pPNuA+ZuCUhm5bwNkXrJTbsk5VWbR5wiwz/GC6LIiegBGn2w3O08UG/jdbYLinw51fSQ5xNU1U3MgBw==}
    dependencies:
      '@babel/runtime': 7.15.4
      remove-accents: 0.4.2
    dev: false

  /mdast-util-definitions/4.0.0:
    resolution: {integrity: sha512-k8AJ6aNnUkB7IE+5azR9h81O5EQ/cTDXtWdMq9Kk5KcEW/8ritU5CeLg/9HhOC++nALHBlaogJ5jz0Ybk3kPMQ==}
    dependencies:
      unist-util-visit: 2.0.3
    dev: false

  /mdast-util-find-and-replace/1.1.1:
    resolution: {integrity: sha512-9cKl33Y21lyckGzpSmEQnIDjEfeeWelN5s1kUW1LwdB0Fkuq2u+4GdqcGEygYxJE8GVqCl0741bYXHgamfWAZA==}
    dependencies:
      escape-string-regexp: 4.0.0
      unist-util-is: 4.1.0
      unist-util-visit-parents: 3.1.1
    dev: false

  /mdast-util-from-markdown/0.8.5:
    resolution: {integrity: sha512-2hkTXtYYnr+NubD/g6KGBS/0mFmBcifAsI0yIWRiRo0PjVs6SSOSOdtzbp6kSGnShDN6G5aWZpKQ2lWRy27mWQ==}
    dependencies:
      '@types/mdast': 3.0.10
      mdast-util-to-string: 2.0.0
      micromark: 2.11.4
      parse-entities: 2.0.0
      unist-util-stringify-position: 2.0.3
    transitivePeerDependencies:
      - supports-color
    dev: false

  /mdast-util-gfm-autolink-literal/0.1.3:
    resolution: {integrity: sha512-GjmLjWrXg1wqMIO9+ZsRik/s7PLwTaeCHVB7vRxUwLntZc8mzmTsLVr6HW1yLokcnhfURsn5zmSVdi3/xWWu1A==}
    dependencies:
      ccount: 1.1.0
      mdast-util-find-and-replace: 1.1.1
      micromark: 2.11.4
    transitivePeerDependencies:
      - supports-color
    dev: false

  /mdast-util-gfm-strikethrough/0.2.3:
    resolution: {integrity: sha512-5OQLXpt6qdbttcDG/UxYY7Yjj3e8P7X16LzvpX8pIQPYJ/C2Z1qFGMmcw+1PZMUM3Z8wt8NRfYTvCni93mgsgA==}
    dependencies:
      mdast-util-to-markdown: 0.6.5
    dev: false

  /mdast-util-gfm-table/0.1.6:
    resolution: {integrity: sha512-j4yDxQ66AJSBwGkbpFEp9uG/LS1tZV3P33fN1gkyRB2LoRL+RR3f76m0HPHaby6F4Z5xr9Fv1URmATlRRUIpRQ==}
    dependencies:
      markdown-table: 2.0.0
      mdast-util-to-markdown: 0.6.5
    dev: false

  /mdast-util-gfm-task-list-item/0.1.6:
    resolution: {integrity: sha512-/d51FFIfPsSmCIRNp7E6pozM9z1GYPIkSy1urQ8s/o4TC22BZ7DqfHFWiqBD23bc7J3vV1Fc9O4QIHBlfuit8A==}
    dependencies:
      mdast-util-to-markdown: 0.6.5
    dev: false

  /mdast-util-gfm/0.1.2:
    resolution: {integrity: sha512-NNkhDx/qYcuOWB7xHUGWZYVXvjPFFd6afg6/e2g+SV4r9q5XUcCbV4Wfa3DLYIiD+xAEZc6K4MGaE/m0KDcPwQ==}
    dependencies:
      mdast-util-gfm-autolink-literal: 0.1.3
      mdast-util-gfm-strikethrough: 0.2.3
      mdast-util-gfm-table: 0.1.6
      mdast-util-gfm-task-list-item: 0.1.6
      mdast-util-to-markdown: 0.6.5
    transitivePeerDependencies:
      - supports-color
    dev: false

  /mdast-util-to-hast/10.2.0:
    resolution: {integrity: sha512-JoPBfJ3gBnHZ18icCwHR50orC9kNH81tiR1gs01D8Q5YpV6adHNO9nKNuFBCJQ941/32PT1a63UF/DitmS3amQ==}
    dependencies:
      '@types/mdast': 3.0.10
      '@types/unist': 2.0.6
      mdast-util-definitions: 4.0.0
      mdurl: 1.0.1
      unist-builder: 2.0.3
      unist-util-generated: 1.1.6
      unist-util-position: 3.1.0
      unist-util-visit: 2.0.3
    dev: false

  /mdast-util-to-markdown/0.6.5:
    resolution: {integrity: sha512-XeV9sDE7ZlOQvs45C9UKMtfTcctcaj/pGwH8YLbMHoMOXNNCn2LsqVQOqrF1+/NU8lKDAqozme9SCXWyo9oAcQ==}
    dependencies:
      '@types/unist': 2.0.6
      longest-streak: 2.0.4
      mdast-util-to-string: 2.0.0
      parse-entities: 2.0.0
      repeat-string: 1.6.1
      zwitch: 1.0.5
    dev: false

  /mdast-util-to-string/2.0.0:
    resolution: {integrity: sha512-AW4DRS3QbBayY/jJmD8437V1Gombjf8RSOUCMFBuo5iHi58AGEgVCKQ+ezHkZZDpAQS75hcBMpLqjpJTjtUL7w==}
    dev: false

  /mdurl/1.0.1:
    resolution: {integrity: sha1-/oWy7HWlkDfyrf7BAP1sYBdhFS4=}
    dev: false

  /medium-zoom/1.0.6:
    resolution: {integrity: sha1-kkfyHKkxPYu+lCCsoVOkEN8I0Cc=}
    dev: false

  /micromark-extension-gfm-autolink-literal/0.5.7:
    resolution: {integrity: sha512-ePiDGH0/lhcngCe8FtH4ARFoxKTUelMp4L7Gg2pujYD5CSMb9PbblnyL+AAMud/SNMyusbS2XDSiPIRcQoNFAw==}
    dependencies:
      micromark: 2.11.4
    transitivePeerDependencies:
      - supports-color
    dev: false

  /micromark-extension-gfm-strikethrough/0.6.5:
    resolution: {integrity: sha512-PpOKlgokpQRwUesRwWEp+fHjGGkZEejj83k9gU5iXCbDG+XBA92BqnRKYJdfqfkrRcZRgGuPuXb7DaK/DmxOhw==}
    dependencies:
      micromark: 2.11.4
    transitivePeerDependencies:
      - supports-color
    dev: false

  /micromark-extension-gfm-table/0.4.3:
    resolution: {integrity: sha512-hVGvESPq0fk6ALWtomcwmgLvH8ZSVpcPjzi0AjPclB9FsVRgMtGZkUcpE0zgjOCFAznKepF4z3hX8z6e3HODdA==}
    dependencies:
      micromark: 2.11.4
    transitivePeerDependencies:
      - supports-color
    dev: false

  /micromark-extension-gfm-tagfilter/0.3.0:
    resolution: {integrity: sha512-9GU0xBatryXifL//FJH+tAZ6i240xQuFrSL7mYi8f4oZSbc+NvXjkrHemeYP0+L4ZUT+Ptz3b95zhUZnMtoi/Q==}
    dev: false

  /micromark-extension-gfm-task-list-item/0.3.3:
    resolution: {integrity: sha512-0zvM5iSLKrc/NQl84pZSjGo66aTGd57C1idmlWmE87lkMcXrTxg1uXa/nXomxJytoje9trP0NDLvw4bZ/Z/XCQ==}
    dependencies:
      micromark: 2.11.4
    transitivePeerDependencies:
      - supports-color
    dev: false

  /micromark-extension-gfm/0.3.3:
    resolution: {integrity: sha512-oVN4zv5/tAIA+l3GbMi7lWeYpJ14oQyJ3uEim20ktYFAcfX1x3LNlFGGlmrZHt7u9YlKExmyJdDGaTt6cMSR/A==}
    dependencies:
      micromark: 2.11.4
      micromark-extension-gfm-autolink-literal: 0.5.7
      micromark-extension-gfm-strikethrough: 0.6.5
      micromark-extension-gfm-table: 0.4.3
      micromark-extension-gfm-tagfilter: 0.3.0
      micromark-extension-gfm-task-list-item: 0.3.3
    transitivePeerDependencies:
      - supports-color
    dev: false

  /micromark/2.11.4:
    resolution: {integrity: sha512-+WoovN/ppKolQOFIAajxi7Lu9kInbPxFuTBVEavFcL8eAfVstoc5MocPmqBeAdBOJV00uaVjegzH4+MA0DN/uA==}
    dependencies:
      debug: 4.3.2
      parse-entities: 2.0.0
    transitivePeerDependencies:
      - supports-color
    dev: false

  /microseconds/0.2.0:
    resolution: {integrity: sha1-Izsl9Qxipl2GH5eKSk+OwYeX3Dk=}
    dev: false

  /minimatch/3.0.4:
    resolution: {integrity: sha512-yJHVQEhyqPLUTgt9B83PXu6W3rx4MvvHvSUvToogpwoGDOUQ+yDrR0HRot+yOCdCO7u4hX3pWft6kWBBcqh0UA==}
    dependencies:
      brace-expansion: 1.1.11
    dev: false

  /ms/2.1.2:
    resolution: {integrity: sha512-sGkPx+VjMtmA6MX27oA4FBFELFCZZ4S4XqeGOXCv68tT+jb3vk/RyaKWP0PTKyWtmLSM0b+adUTEvbs1PEaH2w==}
    dev: false

  /nano-time/1.0.0:
    resolution: {integrity: sha1-sFVPaa2J4i0JB/ehKwmTpdlhN+8=}
    dependencies:
      big-integer: 1.6.50
    dev: false

  /object-assign/4.1.1:
    resolution: {integrity: sha1-IQmtx5ZYh8/AXLvUQsrIv7s2CGM=}
    engines: {node: '>=0.10.0'}
    dev: false

  /oblivious-set/1.0.0:
    resolution: {integrity: sha512-z+pI07qxo4c2CulUHCDf9lcqDlMSo72N/4rLUpRXf6fu+q8vjt8y0xS+Tlf8NTJDdTXHbdeO1n3MlbctwEoXZw==}
    dev: false

  /once/1.4.0:
    resolution: {integrity: sha1-WDsap3WWHUsROsF9nFC6753Xa9E=}
    dependencies:
      wrappy: 1.0.2
    dev: false

  /parse-entities/2.0.0:
    resolution: {integrity: sha1-U8brW5MUofTsmfoP33zgHs2gy+g=}
    dependencies:
      character-entities: 1.2.4
      character-entities-legacy: 1.1.4
      character-reference-invalid: 1.1.4
      is-alphanumerical: 1.0.4
      is-decimal: 1.0.4
      is-hexadecimal: 1.0.4
    dev: false

  /parse5/6.0.1:
    resolution: {integrity: sha1-4aHAhcVps9wIMhGE8Zo5zCf3wws=}
    dev: false

  /path-is-absolute/1.0.1:
    resolution: {integrity: sha1-F0uSaHNVNP+8es5r9TpanhtcX18=}
    engines: {node: '>=0.10.0'}
    dev: false

  /prop-types/15.7.2:
    resolution: {integrity: sha1-UsQedbjIfnK52TYOAga5ncv/psU=}
    dependencies:
      loose-envify: 1.4.0
      object-assign: 4.1.1
      react-is: 16.13.1
    dev: false

  /property-information/5.6.0:
    resolution: {integrity: sha512-YUHSPk+A30YPv+0Qf8i9Mbfe/C0hdPXk1s1jPVToV8pk8BQtpw10ct89Eo7OWkutrwqvT0eicAxlOg3dOAu8JA==}
    dependencies:
      xtend: 4.0.2
    dev: false

  /rc-align/4.0.11_react-dom@17.0.2+react@17.0.2:
    resolution: {integrity: sha512-n9mQfIYQbbNTbefyQnRHZPWuTEwG1rY4a9yKlIWHSTbgwI+XUMGRYd0uJ5pE2UbrNX0WvnMBA1zJ3Lrecpra/A==}
    peerDependencies:
      react: '>=16.9.0'
      react-dom: '>=16.9.0'
    dependencies:
      '@babel/runtime': 7.15.4
      classnames: 2.3.1
      dom-align: 1.12.2
      lodash: 4.17.21
      rc-util: 5.14.0_react-dom@17.0.2+react@17.0.2
      react: 17.0.2
      react-dom: 17.0.2_react@17.0.2
      resize-observer-polyfill: 1.5.1
    dev: false

  /rc-field-form/1.21.2_react-dom@17.0.2+react@17.0.2:
    resolution: {integrity: sha512-LR/bURt/Tf5g39mb0wtMtQuWn42d/7kEzpzlC5fNC7yaRVmLTtlPP4sBBlaViETM9uZQKLoaB0Pt9Mubhm9gow==}
    engines: {node: '>=8.x'}
    peerDependencies:
      react: '>= 16.9.0'
      react-dom: '>= 16.9.0'
    dependencies:
      '@babel/runtime': 7.15.4
      async-validator: 4.0.3
      rc-util: 5.14.0_react-dom@17.0.2+react@17.0.2
      react: 17.0.2
      react-dom: 17.0.2_react@17.0.2
    dev: false

  /rc-motion/2.4.4_react-dom@17.0.2+react@17.0.2:
    resolution: {integrity: sha512-ms7n1+/TZQBS0Ydd2Q5P4+wJTSOrhIrwNxLXCZpR7Fa3/oac7Yi803HDALc2hLAKaCTQtw9LmQeB58zcwOsqlQ==}
    peerDependencies:
      react: '>=16.9.0'
      react-dom: '>=16.9.0'
    dependencies:
      '@babel/runtime': 7.15.4
      classnames: 2.3.1
      rc-util: 5.14.0_react-dom@17.0.2+react@17.0.2
      react: 17.0.2
      react-dom: 17.0.2_react@17.0.2
    dev: false

  /rc-progress/3.1.4_react-dom@17.0.2+react@17.0.2:
    resolution: {integrity: sha512-XBAif08eunHssGeIdxMXOmRQRULdHaDdIFENQ578CMb4dyewahmmfJRyab+hw4KH4XssEzzYOkAInTLS7JJG+Q==}
    peerDependencies:
      react: '>=16.9.0'
      react-dom: '>=16.9.0'
    dependencies:
      '@babel/runtime': 7.15.4
      classnames: 2.3.1
      react: 17.0.2
      react-dom: 17.0.2_react@17.0.2
    dev: false

  /rc-tooltip/5.1.1_react-dom@17.0.2+react@17.0.2:
    resolution: {integrity: sha512-alt8eGMJulio6+4/uDm7nvV+rJq9bsfxFDCI0ljPdbuoygUscbsMYb6EQgwib/uqsXQUvzk+S7A59uYHmEgmDA==}
    peerDependencies:
      react: '>=16.9.0'
      react-dom: '>=16.9.0'
    dependencies:
      '@babel/runtime': 7.15.4
      rc-trigger: 5.2.10_react-dom@17.0.2+react@17.0.2
      react: 17.0.2
      react-dom: 17.0.2_react@17.0.2
    dev: false

  /rc-trigger/5.2.10_react-dom@17.0.2+react@17.0.2:
    resolution: {integrity: sha512-FkUf4H9BOFDaIwu42fvRycXMAvkttph9AlbCZXssZDVzz2L+QZ0ERvfB/4nX3ZFPh1Zd+uVGr1DEDeXxq4J1TA==}
    engines: {node: '>=8.x'}
    peerDependencies:
      react: '>=16.9.0'
      react-dom: '>=16.9.0'
    dependencies:
      '@babel/runtime': 7.15.4
      classnames: 2.3.1
      rc-align: 4.0.11_react-dom@17.0.2+react@17.0.2
      rc-motion: 2.4.4_react-dom@17.0.2+react@17.0.2
      rc-util: 5.14.0_react-dom@17.0.2+react@17.0.2
      react: 17.0.2
      react-dom: 17.0.2_react@17.0.2
    dev: false

  /rc-util/5.14.0_react-dom@17.0.2+react@17.0.2:
    resolution: {integrity: sha512-2vy6/Z1BJUcwLjm/UEJb/htjUTQPigITUIemCcFEo1fQevAumc9sA32x2z5qyWoa9uhrXbiAjSDpPIUqyg65sA==}
    peerDependencies:
      react: '>=16.9.0'
      react-dom: '>=16.9.0'
    dependencies:
      '@babel/runtime': 7.15.4
      react: 17.0.2
      react-dom: 17.0.2_react@17.0.2
      react-is: 16.13.1
      shallowequal: 1.1.0
    dev: false

  /react-dom/17.0.2_react@17.0.2:
    resolution: {integrity: sha512-s4h96KtLDUQlsENhMn1ar8t2bEa+q/YAtj8pPPdIjPDGBDIVNsrD9aXNWqspUe6AzKCIG0C1HZZLqLV7qpOBGA==}
    peerDependencies:
      react: 17.0.2
    dependencies:
      loose-envify: 1.4.0
      object-assign: 4.1.1
      react: 17.0.2
      scheduler: 0.20.2
    dev: false

  /react-is/16.13.1:
    resolution: {integrity: sha512-24e6ynE2H+OKt4kqsOvNd8kBpV65zoxbA4BVsEOB3ARVWQki/DHzaUoC5KuON/BiccDaCCTZBuOcfZs70kR8bQ==}
    dev: false

  /react-qr-reader/2.2.1_react-dom@17.0.2+react@17.0.2:
    resolution: {integrity: sha1-3IkEbRwaHag3poPdlw3lkmgX1Vs=}
    peerDependencies:
      react: ~16
      react-dom: ~16
    dependencies:
      jsqr: 1.4.0
      prop-types: 15.7.2
      react: 17.0.2
      react-dom: 17.0.2_react@17.0.2
      webrtc-adapter: 7.7.1
    dev: false

  /react-query/3.26.0_react-dom@17.0.2+react@17.0.2:
    resolution: {integrity: sha512-wFPnL9Y+9xf6gJHAQ8ue+vBurciJ4cfQL4dhsI0x3YyRaEXlyklUQpJzbR63CfFULVekP3iWoyFxhaNVS9RFDw==}
    peerDependencies:
      react: ^16.8.0 || ^17.0.0
      react-dom: '*'
      react-native: '*'
    peerDependenciesMeta:
      react-dom:
        optional: true
      react-native:
        optional: true
    dependencies:
      '@babel/runtime': 7.15.4
      broadcast-channel: 3.7.0
      match-sorter: 6.3.1
      react: 17.0.2
      react-dom: 17.0.2_react@17.0.2
    dev: false

  /react-router-dom/6.0.2_react-dom@17.0.2+react@17.0.2:
    resolution: {integrity: sha512-cOpJ4B6raFutr0EG8O/M2fEoyQmwvZWomf1c6W2YXBZuFBx8oTk/zqjXghwScyhfrtnt0lANXV2182NQblRxFA==}
    peerDependencies:
      react: '>=16.8'
      react-dom: '>=16.8'
    dependencies:
      history: 5.1.0
      react: 17.0.2
      react-dom: 17.0.2_react@17.0.2
      react-router: 6.0.2_react@17.0.2
    dev: false

  /react-router/6.0.2_react@17.0.2:
    resolution: {integrity: sha512-8/Wm3Ed8t7TuedXjAvV39+c8j0vwrI5qVsYqjFr5WkJjsJpEvNSoLRUbtqSEYzqaTUj1IV+sbPJxvO+accvU0Q==}
    peerDependencies:
      react: '>=16.8'
    dependencies:
      history: 5.1.0
      react: 17.0.2
    dev: false

  /react-transition-group/4.4.2_react-dom@17.0.2+react@17.0.2:
    resolution: {integrity: sha512-/RNYfRAMlZwDSr6z4zNKV6xu53/e2BuaBbGhbyYIXTrmgu/bGHzmqOs7mJSJBHy9Ud+ApHx3QjrkKSp1pxvlFg==}
    peerDependencies:
      react: '>=16.6.0'
      react-dom: '>=16.6.0'
    dependencies:
      '@babel/runtime': 7.15.4
      dom-helpers: 5.2.1
      loose-envify: 1.4.0
      prop-types: 15.7.2
      react: 17.0.2
      react-dom: 17.0.2_react@17.0.2
    dev: false

  /react-use-gesture/9.1.3_react@17.0.2:
    resolution: {integrity: sha1-kr0UPk9Y5pvUJFFKW/zLoqHWLsA=}
    peerDependencies:
      react: '>= 16.8.0'
    dependencies:
      react: 17.0.2
    dev: false

  /react/17.0.2:
    resolution: {integrity: sha512-gnhPt75i/dq/z3/6q/0asP78D0u592D5L1pd7M8P+dck6Fu/jJeL6iVVK23fptSUZj8Vjf++7wXA8UNclGQcbA==}
    engines: {node: '>=0.10.0'}
    dependencies:
      loose-envify: 1.4.0
      object-assign: 4.1.1
    dev: false

  /regenerator-runtime/0.13.9:
    resolution: {integrity: sha512-p3VT+cOEgxFsRRA9X4lkI1E+k2/CtnKtU4gcxyaCUreilL/vqI6CdZ3wxVUx3UOUg+gnUOQQcRI7BmSI656MYA==}
    dev: false

  /rehype-raw/5.1.0:
    resolution: {integrity: sha512-MDvHAb/5mUnif2R+0IPCYJU8WjHa9UzGtM/F4AVy5GixPlDZ1z3HacYy4xojDU+uBa+0X/3PIfyQI26/2ljJNA==}
    dependencies:
      hast-util-raw: 6.1.0
    dev: false

  /rehype-sanitize/4.0.0:
    resolution: {integrity: sha512-ZCr/iQRr4JeqPjun5i9CHHILVY7i45VnLu1CkkibDrSyFQ7dTLSvw8OIQpHhS4RSh9h/9GidxFw1bRb0LOxIag==}
    dependencies:
      hast-util-sanitize: 3.0.2
    dev: false

  /rehype-stringify/8.0.0:
    resolution: {integrity: sha512-VkIs18G0pj2xklyllrPSvdShAV36Ff3yE5PUO9u36f6+2qJFnn22Z5gKwBOwgXviux4UC7K+/j13AnZfPICi/g==}
    dependencies:
      hast-util-to-html: 7.1.3
    dev: false

  /remark-gfm/1.0.0:
    resolution: {integrity: sha512-KfexHJCiqvrdBZVbQ6RopMZGwaXz6wFJEfByIuEwGf0arvITHjiKKZ1dpXujjH9KZdm1//XJQwgfnJ3lmXaDPA==}
    dependencies:
      mdast-util-gfm: 0.1.2
      micromark-extension-gfm: 0.3.3
    transitivePeerDependencies:
      - supports-color
    dev: false

  /remark-parse/9.0.0:
    resolution: {integrity: sha512-geKatMwSzEXKHuzBNU1z676sGcDcFoChMK38TgdHJNAYfFtsfHDQG7MoJAjs6sgYMqyLduCYWDIWZIxiPeafEw==}
    dependencies:
      mdast-util-from-markdown: 0.8.5
    transitivePeerDependencies:
      - supports-color
    dev: false

  /remark-rehype/8.1.0:
    resolution: {integrity: sha512-EbCu9kHgAxKmW1yEYjx3QafMyGY3q8noUbNUI5xyKbaFP89wbhDrKxyIQNukNYthzjNHZu6J7hwFg7hRm1svYA==}
    dependencies:
      mdast-util-to-hast: 10.2.0
    dev: false

  /remove-accents/0.4.2:
    resolution: {integrity: sha1-CkPTqq4egNuRngeuJUsoXZ4ce7U=}
    dev: false

  /repeat-string/1.6.1:
    resolution: {integrity: sha1-jcrkcOHIirwtYA//Sndihtp15jc=}
    engines: {node: '>=0.10'}
    dev: false

  /resize-observer-polyfill/1.5.1:
    resolution: {integrity: sha512-LwZrotdHOo12nQuZlHEmtuXdqGoOD0OhaxopaNFxWzInpEgaLWoVuAMbTzixuosCx2nEG58ngzW3vxdWoxIgdg==}
    dev: false

  /rimraf/3.0.2:
    resolution: {integrity: sha512-JZkJMZkAGFFPP2YqXZXPbMlMBgsxzE8ILs4lMIX/2o0L9UBw9O/Y3o6wFw/i9YLapcUJWwqbi3kdxIPdC62TIA==}
    hasBin: true
    dependencies:
      glob: 7.2.0
    dev: false

  /rtcpeerconnection-shim/1.2.15:
    resolution: {integrity: sha1-58wYmoG0NTJMSUmqPftRiIaEskM=}
    engines: {node: '>=6.0.0', npm: '>=3.10.0'}
    dependencies:
      sdp: 2.12.0
    dev: false

  /scheduler/0.20.2:
    resolution: {integrity: sha512-2eWfGgAqqWFGqtdMmcL5zCMK1U8KlXv8SQFGglL3CEtd0aDVDWgeF/YoCmvln55m5zSk3J/20hTaSBeSObsQDQ==}
    dependencies:
      loose-envify: 1.4.0
      object-assign: 4.1.1
    dev: false

  /screenfull/5.1.0:
    resolution: {integrity: sha512-dYaNuOdzr+kc6J6CFcBrzkLCfyGcMg+gWkJ8us93IQ7y1cevhQAugFsaCdMHb6lw8KV3xPzSxzH7zM1dQap9mA==}
    engines: {node: '>=0.10.0'}
    dev: false

  /sdp/2.12.0:
    resolution: {integrity: sha512-jhXqQAQVM+8Xj5EjJGVweuEzgtGWb3tmEEpl3CLP3cStInSbVHSg0QWOGQzNq8pSID4JkpeV2mPqlMDLrm0/Vw==}
    dev: false

  /select-files/1.0.1:
    resolution: {integrity: sha1-l0mRppxduibPpX3LxtJ/CRd0Gss=}
    dev: false

  /shallowequal/1.1.0:
    resolution: {integrity: sha512-y0m1JoUZSlPAjXVtPPW70aZWfIL/dSP7AFkRnniLCrK/8MDKog3TySTBmckD+RObVxH0v4Tox67+F14PdED2oQ==}
    dev: false

  /space-separated-tokens/1.1.5:
    resolution: {integrity: sha512-q/JSVd1Lptzhf5bkYm4ob4iWPjx0KiRe3sRFBNrVqbJkFaBm5vbbowy1mymoPNLRa52+oadOhJ+K49wsSeSjTA==}
    dev: false

  /staged-components/1.1.1_react@17.0.2:
    resolution: {integrity: sha1-ngl+P/pGd++NkM3ir/DZU9tA72g=}
    peerDependencies:
      react: ^16.8.0
    dependencies:
      react: 17.0.2
    dev: false

  /stringify-entities/3.1.0:
    resolution: {integrity: sha512-3FP+jGMmMV/ffZs86MoghGqAoqXAdxLrJP4GUdrDN1aIScYih5tuIO3eF4To5AJZ79KDZ8Fpdy7QJnK8SsL1Vg==}
    dependencies:
      character-entities-html4: 1.1.4
      character-entities-legacy: 1.1.4
      xtend: 4.0.2
    dev: false

  /style-to-object/0.3.0:
    resolution: {integrity: sha1-sbeQ0gWZHMeDgBlnIUl57hmnbkY=}
    dependencies:
      inline-style-parser: 0.1.1
    dev: false

  /timeago-react/3.0.4_react@17.0.2:
    resolution: {integrity: sha512-cv6Bnm01VKyHoQCBKzk24+L9ycj3jLq3uEFpYILKGJT7UUXWEzC0TBCxforsvL4NSjcwqqHNKdEeqEFMNNoN2A==}
    peerDependencies:
      react: ^0.14.0 || ^15.0.0 || ^16.0.0 || ^17.0.0
    dependencies:
      react: 17.0.2
      timeago.js: 4.0.2
    dev: false

  /timeago.js/4.0.2:
    resolution: {integrity: sha1-ck6MiDPjSQZ2x7sKdfXa8g5VgCg=}
    dev: false

  /tippy.js/6.3.2:
    resolution: {integrity: sha512-35XVQI7Zl/jHZ51+8eHu/vVRXBjWYGobPm5G9FxOchj4r5dWhghKGS0nm0ARUKZTF96V7pPn7EbXS191NTwldw==}
    dependencies:
      '@popperjs/core': 2.10.2
    dev: false

  /trough/1.0.5:
    resolution: {integrity: sha512-rvuRbTarPXmMb79SmzEp8aqXNKcK+y0XaB298IXueQ8I2PsrATcPBCSPyK/dDNa2iWOhKlfNnOjdAOTBU/nkFA==}
    dev: false

  /typescript/4.4.4:
    resolution: {integrity: sha512-DqGhF5IKoBl8WNf8C1gu8q0xZSInh9j1kJJMqT3a94w1JzVaBU4EXOSMrz9yDqMT0xt3selp83fuFMQ0uzv6qA==}
    engines: {node: '>=4.2.0'}
    hasBin: true
    dev: false

  /unified/9.2.2:
    resolution: {integrity: sha512-Sg7j110mtefBD+qunSLO1lqOEKdrwBFBrR6Qd8f4uwkhWNlbkaqwHse6e7QvD3AP/MNoJdEDLaf8OxYyoWgorQ==}
    dependencies:
      bail: 1.0.5
      extend: 3.0.2
      is-buffer: 2.0.5
      is-plain-obj: 2.1.0
      trough: 1.0.5
      vfile: 4.2.1
    dev: false

  /unist-builder/2.0.3:
    resolution: {integrity: sha512-f98yt5pnlMWlzP539tPc4grGMsFaQQlP/vM396b00jngsiINumNmsY8rkXjfoi1c6QaM8nQ3vaGDuoKWbe/1Uw==}
    dev: false

  /unist-util-generated/1.1.6:
    resolution: {integrity: sha512-cln2Mm1/CZzN5ttGK7vkoGw+RZ8VcUH6BtGbq98DDtRGquAAOXig1mrBQYelOwMXYS8rK+vZDyyojSjp7JX+Lg==}
    dev: false

  /unist-util-is/4.1.0:
    resolution: {integrity: sha512-ZOQSsnce92GrxSqlnEEseX0gi7GH9zTJZ0p9dtu87WRb/37mMPO2Ilx1s/t9vBHrFhbgweUwb+t7cIn5dxPhZg==}
    dev: false

  /unist-util-position/3.1.0:
    resolution: {integrity: sha512-w+PkwCbYSFw8vpgWD0v7zRCl1FpY3fjDSQ3/N/wNd9Ffa4gPi8+4keqt99N3XW6F99t/mUzp2xAhNmfKWp95QA==}
    dev: false

  /unist-util-stringify-position/2.0.3:
    resolution: {integrity: sha512-3faScn5I+hy9VleOq/qNbAd6pAx7iH5jYBMS9I1HgQVijz/4mv5Bvw5iw1sC/90CODiKo81G/ps8AJrISn687g==}
    dependencies:
      '@types/unist': 2.0.6
    dev: false

  /unist-util-visit-parents/3.1.1:
    resolution: {integrity: sha512-1KROIZWo6bcMrZEwiH2UrXDyalAa0uqzWCxCJj6lPOvTve2WkfgCytoDTPaMnodXh1WrXOq0haVYHj99ynJlsg==}
    dependencies:
      '@types/unist': 2.0.6
      unist-util-is: 4.1.0
    dev: false

  /unist-util-visit/2.0.3:
    resolution: {integrity: sha512-iJ4/RczbJMkD0712mGktuGpm/U4By4FfDonL7N/9tATGIF4imikjOuagyMY53tnZq3NP6BcmlrHhEKAfGWjh7Q==}
    dependencies:
      '@types/unist': 2.0.6
      unist-util-is: 4.1.0
      unist-util-visit-parents: 3.1.1
    dev: false

  /unload/2.2.0:
    resolution: {integrity: sha1-zMiP3K00X6oGqSA57A+AtIiIDvc=}
    dependencies:
      '@babel/runtime': 7.15.4
      detect-node: 2.1.0
    dev: false

  /use-async-memo/1.2.3_react@17.0.2:
    resolution: {integrity: sha512-AjZ1Wy1vfOSlaxohqoLIpauV+jwph/p0N72PBzxeEcjrZ4Mf/4o1Vav4bLaAPYuHLJZo+4M/4TIcAk7XC6H98g==}
    peerDependencies:
      react: ^16.8.0 || ^17.0.0
    dependencies:
      react: 17.0.2
    dev: false

  /vfile-location/3.2.0:
    resolution: {integrity: sha1-2OQfvL1AYGNmnr9sM9Vq6HIdDzw=}
    dev: false

  /vfile-message/2.0.4:
    resolution: {integrity: sha512-DjssxRGkMvifUOJre00juHoP9DPWuzjxKuMDrhNbk2TdaYYBNMStsNhEOt3idrtI12VQYM/1+iM0KOzXi4pxwQ==}
    dependencies:
      '@types/unist': 2.0.6
      unist-util-stringify-position: 2.0.3
    dev: false

  /vfile/4.2.1:
    resolution: {integrity: sha512-O6AE4OskCG5S1emQ/4gl8zK586RqA3srz3nfK/Viy0UPToBc5Trp9BVFb1u0CjsKrAWwnpr4ifM/KBXPWwJbCA==}
    dependencies:
      '@types/unist': 2.0.6
      is-buffer: 2.0.5
      unist-util-stringify-position: 2.0.3
      vfile-message: 2.0.4
    dev: false

  /web-namespaces/1.1.4:
    resolution: {integrity: sha1-vJij3mDa3X+u/EA9EHbVKfXgMOw=}
    dev: false

  /webrtc-adapter/7.7.1:
    resolution: {integrity: sha512-TbrbBmiQBL9n0/5bvDdORc6ZfRY/Z7JnEj+EYOD1ghseZdpJ+nF2yx14k3LgQKc7JZnG7HAcL+zHnY25So9d7A==}
    engines: {node: '>=6.0.0', npm: '>=3.10.0'}
    dependencies:
      rtcpeerconnection-shim: 1.2.15
      sdp: 2.12.0
    dev: false

  /word-count/0.2.2:
    resolution: {integrity: sha1-aZGS/KaCn+k21Byw2V25JIxXBFE=}
    dev: false

  /wrappy/1.0.2:
    resolution: {integrity: sha1-tSQ9jz7BqjXxNkYFvA0QNuMKtp8=}
    dev: false

  /xtend/4.0.2:
    resolution: {integrity: sha512-LKYU1iAXJXUgAXn9URjiu+MWhyUXHsvfp7mcuYm9dSUKK0/CjtrUwFAxD82/mCWbtLsGjFIad0wIsod4zrTAEQ==}
    engines: {node: '>=0.4'}
    dev: false

  /zwitch/1.0.5:
    resolution: {integrity: sha512-V50KMwwzqJV0NpZIZFwfOD5/lyny3WlSzRiXgA0G7VUnRlqttta1L6UQIHzd6EuBY/cHGfwTIck7w1yH6Q5zUw==}
    dev: false
